
Microsoft Visual Studio Solution File, Format Version 12.00
# Visual Studio Version 17
VisualStudioVersion = 17.4.33213.308
MinimumVisualStudioVersion = 10.0.40219.1
Project("{9A19103F-16F7-4668-BE54-9A1E7A4F7556}") = "AccountService.Test", "AccountServiceTest\AccountService.Test.csproj", "{459C8B78-1C91-47BF-A3A5-0688BD8A16D1}"
EndProject
Project("{9A19103F-16F7-4668-BE54-9A1E7A4F7556}") = "Account.Web", "Account.Web\Account.Web.csproj", "{76E4AA36-EB97-4184-94EB-2700DFD5B079}"
EndProject
Project("{9A19103F-16F7-4668-BE54-9A1E7A4F7556}") = "Account.Dto", "Account.Dto\Account.Dto.csproj", "{C9EB7C37-FA52-4382-84BF-D5744D41E289}"
EndProject
Project("{2150E333-8FDC-42A3-9474-1A3956D46DE8}") = "1. Web", "1. Web", "{71436C70-24AE-4512-A3FC-85F91496CCFD}"
EndProject
Project("{2150E333-8FDC-42A3-9474-1A3956D46DE8}") = "2. Business", "2. Business", "{B9EA1FC8-A6ED-4089-BE2C-4F1586BF5BB3}"
EndProject
Project("{2150E333-8FDC-42A3-9474-1A3956D46DE8}") = "3. Data", "3. Data", "{9276166D-29F5-45B0-8F7C-8C3CF21AF2EF}"
EndProject
Project("{2150E333-8FDC-42A3-9474-1A3956D46DE8}") = "4. Dto", "4. Dto", "{3CE4B013-4889-4D56-8278-15442DB6B0E5}"
EndProject
Project("{2150E333-8FDC-42A3-9474-1A3956D46DE8}") = "5. Test", "5. Test", "{5FDB9F0C-113B-4186-AD99-EC8656702FE1}"
EndProject
Project("{2150E333-8FDC-42A3-9474-1A3956D46DE8}") = "6. Solution Items", "6. Solution Items", "{56528B16-20BC-4F05-B8C8-14829587D186}"
	ProjectSection(SolutionItems) = preProject
		Directory.Build.props = Directory.Build.props
		Directory.Build.targets = Directory.Build.targets
	EndProjectSection
EndProject
Project("{9A19103F-16F7-4668-BE54-9A1E7A4F7556}") = "Account.Data", "Account.Data\Account.Data.csproj", "{F597B645-D309-4A52-B7BA-25435F5947CD}"
EndProject
Project("{9A19103F-16F7-4668-BE54-9A1E7A4F7556}") = "Account.Business", "Account.Business\Account.Business.csproj", "{96CAE9F2-8B5E-499A-A392-C592E332AE64}"
EndProject
Project("{FAE04EC0-301F-11D3-BF4B-00C04F79EFBC}") = "Account.Web.Test", "Account.Web.Test\Account.Web.Test.csproj", "{E37DF633-8F87-4A69-AF9D-AAA0BFAF40D3}"
EndProject
Project("{2150E333-8FDC-42A3-9474-1A3956D46DE8}") = "Solution Items", "Solution Items", "{937D9351-85EA-406B-8AEA-CEBD1438AF58}"
	ProjectSection(SolutionItems) = preProject
		.editorconfig = .editorconfig
	EndProjectSection
EndProject
Global
	GlobalSection(SolutionConfigurationPlatforms) = preSolution
		Debug|Any CPU = Debug|Any CPU
		Release|Any CPU = Release|Any CPU
	EndGlobalSection
	GlobalSection(ProjectConfigurationPlatforms) = postSolution
		{459C8B78-1C91-47BF-A3A5-0688BD8A16D1}.Debug|Any CPU.ActiveCfg = Debug|Any CPU
		{459C8B78-1C91-47BF-A3A5-0688BD8A16D1}.Debug|Any CPU.Build.0 = Debug|Any CPU
		{459C8B78-1C91-47BF-A3A5-0688BD8A16D1}.Release|Any CPU.ActiveCfg = Release|Any CPU
		{459C8B78-1C91-47BF-A3A5-0688BD8A16D1}.Release|Any CPU.Build.0 = Release|Any CPU
		{76E4AA36-EB97-4184-94EB-2700DFD5B079}.Debug|Any CPU.ActiveCfg = Debug|Any CPU
		{76E4AA36-EB97-4184-94EB-2700DFD5B079}.Debug|Any CPU.Build.0 = Debug|Any CPU
		{76E4AA36-EB97-4184-94EB-2700DFD5B079}.Release|Any CPU.ActiveCfg = Release|Any CPU
		{76E4AA36-EB97-4184-94EB-2700DFD5B079}.Release|Any CPU.Build.0 = Release|Any CPU
		{C9EB7C37-FA52-4382-84BF-D5744D41E289}.Debug|Any CPU.ActiveCfg = Debug|Any CPU
		{C9EB7C37-FA52-4382-84BF-D5744D41E289}.Debug|Any CPU.Build.0 = Debug|Any CPU
		{C9EB7C37-FA52-4382-84BF-D5744D41E289}.Release|Any CPU.ActiveCfg = Release|Any CPU
		{C9EB7C37-FA52-4382-84BF-D5744D41E289}.Release|Any CPU.Build.0 = Release|Any CPU
		{F597B645-D309-4A52-B7BA-25435F5947CD}.Debug|Any CPU.ActiveCfg = Debug|Any CPU
		{F597B645-D309-4A52-B7BA-25435F5947CD}.Debug|Any CPU.Build.0 = Debug|Any CPU
		{F597B645-D309-4A52-B7BA-25435F5947CD}.Release|Any CPU.ActiveCfg = Release|Any CPU
		{F597B645-D309-4A52-B7BA-25435F5947CD}.Release|Any CPU.Build.0 = Release|Any CPU
		{96CAE9F2-8B5E-499A-A392-C592E332AE64}.Debug|Any CPU.ActiveCfg = Debug|Any CPU
		{96CAE9F2-8B5E-499A-A392-C592E332AE64}.Debug|Any CPU.Build.0 = Debug|Any CPU
		{96CAE9F2-8B5E-499A-A392-C592E332AE64}.Release|Any CPU.ActiveCfg = Release|Any CPU
		{96CAE9F2-8B5E-499A-A392-C592E332AE64}.Release|Any CPU.Build.0 = Release|Any CPU
		{E37DF633-8F87-4A69-AF9D-AAA0BFAF40D3}.Debug|Any CPU.ActiveCfg = Debug|Any CPU
		{E37DF633-8F87-4A69-AF9D-AAA0BFAF40D3}.Debug|Any CPU.Build.0 = Debug|Any CPU
		{E37DF633-8F87-4A69-AF9D-AAA0BFAF40D3}.Release|Any CPU.ActiveCfg = Release|Any CPU
		{E37DF633-8F87-4A69-AF9D-AAA0BFAF40D3}.Release|Any CPU.Build.0 = Release|Any CPU
	EndGlobalSection
	GlobalSection(SolutionProperties) = preSolution
		HideSolutionNode = FALSE
	EndGlobalSection
	GlobalSection(NestedProjects) = preSolution
		{459C8B78-1C91-47BF-A3A5-0688BD8A16D1} = {5FDB9F0C-113B-4186-AD99-EC8656702FE1}
		{76E4AA36-EB97-4184-94EB-2700DFD5B079} = {71436C70-24AE-4512-A3FC-85F91496CCFD}
		{C9EB7C37-FA52-4382-84BF-D5744D41E289} = {3CE4B013-4889-4D56-8278-15442DB6B0E5}
		{F597B645-D309-4A52-B7BA-25435F5947CD} = {9276166D-29F5-45B0-8F7C-8C3CF21AF2EF}
		{96CAE9F2-8B5E-499A-A392-C592E332AE64} = {B9EA1FC8-A6ED-4089-BE2C-4F1586BF5BB3}
		{E37DF633-8F87-4A69-AF9D-AAA0BFAF40D3} = {5FDB9F0C-113B-4186-AD99-EC8656702FE1}
	EndGlobalSection
	GlobalSection(ExtensibilityGlobals) = postSolution
		SolutionGuid = {A4203EAC-9BC8-4FAD-A719-4D9A43A45410}
	EndGlobalSection
EndGlobal
